
Microsoft Visual Studio Solution File, Format Version 12.00
# Visual Studio Version 17
VisualStudioVersion = 17.2.32526.322
MinimumVisualStudioVersion = 10.0.40219.1
Project("{FAE04EC0-301F-11D3-BF4B-00C04F79EFBC}") = "Verivox.CodeInterview", "Verivox.CodeInterview\Verivox.CodeInterview.csproj", "{6235BB97-FB89-41C2-A9F6-EA636905E13A}"
EndProject
Project("{FAE04EC0-301F-11D3-BF4B-00C04F79EFBC}") = "Verivox.CodeInterview.Tests", "Verivox.CodeInterview.Tests\Verivox.CodeInterview.Tests.csproj", "{16C63FF0-5606-4F29-B3F1-A3DD52627EA4}"
EndProject
Global
	GlobalSection(SolutionConfigurationPlatforms) = preSolution
		Debug|Any CPU = Debug|Any CPU
		Release|Any CPU = Release|Any CPU
	EndGlobalSection
	GlobalSection(ProjectConfigurationPlatforms) = postSolution
		{6235BB97-FB89-41C2-A9F6-EA636905E13A}.Debug|Any CPU.ActiveCfg = Debug|Any CPU
		{6235BB97-FB89-41C2-A9F6-EA636905E13A}.Debug|Any CPU.Build.0 = Debug|Any CPU
		{6235BB97-FB89-41C2-A9F6-EA636905E13A}.Release|Any CPU.ActiveCfg = Release|Any CPU
		{6235BB97-FB89-41C2-A9F6-EA636905E13A}.Release|Any CPU.Build.0 = Release|Any CPU
		{16C63FF0-5606-4F29-B3F1-A3DD52627EA4}.Debug|Any CPU.ActiveCfg = Debug|Any CPU
		{16C63FF0-5606-4F29-B3F1-A3DD52627EA4}.Debug|Any CPU.Build.0 = Debug|Any CPU
		{16C63FF0-5606-4F29-B3F1-A3DD52627EA4}.Release|Any CPU.ActiveCfg = Release|Any CPU
		{16C63FF0-5606-4F29-B3F1-A3DD52627EA4}.Release|Any CPU.Build.0 = Release|Any CPU
	EndGlobalSection
	GlobalSection(SolutionProperties) = preSolution
		HideSolutionNode = FALSE
	EndGlobalSection
	GlobalSection(ExtensibilityGlobals) = postSolution
		SolutionGuid = {219DFF56-1986-4708-BFEA-FC1DDD9A47BF}
	EndGlobalSection
EndGlobal
